<?xml version="1.0" encoding="utf-8"?>
<Project ToolsVersion="4.0" xmlns="http://schemas.microsoft.com/developer/msbuild/2003">
  <ItemGroup>
    <Filter Include="Source Files">
      <UniqueIdentifier>{0E6C6336-4797-46CD-9081-7B19FAD26843}</UniqueIdentifier>
      <Extensions>cxx</Extensions>
    </Filter>
    <Filter Include="Header Files">
      <UniqueIdentifier>{87786249-9DCA-4FE7-8E98-88D44FC9C7E3}</UniqueIdentifier>
      <Extensions>h;hxx;ixx;txx</Extensions>
    </Filter>
  </ItemGroup>
  <ItemGroup>
__header_filter_entries__(headers)
  </ItemGroup>
  <ItemGroup>
__source_filter_entries__(sources)
  </ItemGroup>
</Project>
